
Microsoft Visual Studio Solution File, Format Version 12.00
# Visual Studio Version 16
VisualStudioVersion = 16.0.29728.190
MinimumVisualStudioVersion = 15.0.26124.0
Project("{2150E333-8FDC-42A3-9474-1A3956D46DE8}") = "2.0 - Core", "2.0 - Core", "{4791FE36-A901-4246-994A-92BBF4A0182B}"
EndProject
Project("{9A19103F-16F7-4668-BE54-9A1E7A4F7556}") = "HandlingErrors.Core", "src\HandlingErrors.Core\HandlingErrors.Core.csproj", "{769E77B1-0C2A-445A-AB09-6C09D30A5B9D}"
EndProject
Project("{2150E333-8FDC-42A3-9474-1A3956D46DE8}") = "3.0 - Infra", "3.0 - Infra", "{3BFF659E-B15B-4B6B-85D6-C236A0DF0694}"
EndProject
Project("{9A19103F-16F7-4668-BE54-9A1E7A4F7556}") = "HandlingErrors.Data", "src\HandlingErrors.Data\HandlingErrors.Data.csproj", "{87BFD78E-53EE-41D8-88CD-28C14FDF046D}"
EndProject
Project("{2150E333-8FDC-42A3-9474-1A3956D46DE8}") = "4.0 - Cross", "4.0 - Cross", "{00DD84E4-CD1B-4097-9DF7-62690E7BA9C7}"
EndProject
Project("{9A19103F-16F7-4668-BE54-9A1E7A4F7556}") = "HandlingErrors.IoC", "src\HandlingErrors.IoC\HandlingErrors.IoC.csproj", "{0A4F7758-0184-46BB-8CA9-0D52265AEB12}"
EndProject
Project("{9A19103F-16F7-4668-BE54-9A1E7A4F7556}") = "HandlingErrors.Shared", "src\HandlingErrors.Shared\HandlingErrors.Shared.csproj", "{CEFE505E-A7D6-4555-98AC-E0D70DDE7B24}"
EndProject
Project("{2150E333-8FDC-42A3-9474-1A3956D46DE8}") = "1.0 - Presentation", "1.0 - Presentation", "{BB40C033-037D-4E69-840D-85F004238B24}"
EndProject
Project("{9A19103F-16F7-4668-BE54-9A1E7A4F7556}") = "HandlingErrors.Web", "src\HandlingErrors.Web\HandlingErrors.Web.csproj", "{F2F9CAE1-32CD-4A8D-AD7C-08BD33DF6D7A}"
EndProject
Project("{9A19103F-16F7-4668-BE54-9A1E7A4F7556}") = "HandlingErrors.Core.Tests", "tests\HandlingErrors.Core.Tests\HandlingErrors.Core.Tests.csproj", "{4F4CCBF6-3F71-43F9-A10F-6F2D574C1E64}"
EndProject
Project("{9A19103F-16F7-4668-BE54-9A1E7A4F7556}") = "HandlingErrors.Data.Tests", "tests\HandlingErrors.Data.Tests\HandlingErrors.Data.Tests.csproj", "{0C8BFD61-1D1D-40CB-BD2A-F5CAFA81E3A3}"
EndProject
Project("{FAE04EC0-301F-11D3-BF4B-00C04F79EFBC}") = "HandlingErrors.Web.Tests", "tests\HandlingErrors.Web.Tests\HandlingErrors.Web.Tests.csproj", "{E4303611-5E07-478A-BD0D-4A651E6EC539}"
EndProject
Global
	GlobalSection(SolutionConfigurationPlatforms) = preSolution
		Debug|Any CPU = Debug|Any CPU
		Debug|x64 = Debug|x64
		Debug|x86 = Debug|x86
		Release|Any CPU = Release|Any CPU
		Release|x64 = Release|x64
		Release|x86 = Release|x86
	EndGlobalSection
	GlobalSection(ProjectConfigurationPlatforms) = postSolution
		{769E77B1-0C2A-445A-AB09-6C09D30A5B9D}.Debug|Any CPU.ActiveCfg = Debug|Any CPU
		{769E77B1-0C2A-445A-AB09-6C09D30A5B9D}.Debug|Any CPU.Build.0 = Debug|Any CPU
		{769E77B1-0C2A-445A-AB09-6C09D30A5B9D}.Debug|x64.ActiveCfg = Debug|Any CPU
		{769E77B1-0C2A-445A-AB09-6C09D30A5B9D}.Debug|x64.Build.0 = Debug|Any CPU
		{769E77B1-0C2A-445A-AB09-6C09D30A5B9D}.Debug|x86.ActiveCfg = Debug|Any CPU
		{769E77B1-0C2A-445A-AB09-6C09D30A5B9D}.Debug|x86.Build.0 = Debug|Any CPU
		{769E77B1-0C2A-445A-AB09-6C09D30A5B9D}.Release|Any CPU.ActiveCfg = Release|Any CPU
		{769E77B1-0C2A-445A-AB09-6C09D30A5B9D}.Release|Any CPU.Build.0 = Release|Any CPU
		{769E77B1-0C2A-445A-AB09-6C09D30A5B9D}.Release|x64.ActiveCfg = Release|Any CPU
		{769E77B1-0C2A-445A-AB09-6C09D30A5B9D}.Release|x64.Build.0 = Release|Any CPU
		{769E77B1-0C2A-445A-AB09-6C09D30A5B9D}.Release|x86.ActiveCfg = Release|Any CPU
		{769E77B1-0C2A-445A-AB09-6C09D30A5B9D}.Release|x86.Build.0 = Release|Any CPU
		{87BFD78E-53EE-41D8-88CD-28C14FDF046D}.Debug|Any CPU.ActiveCfg = Debug|Any CPU
		{87BFD78E-53EE-41D8-88CD-28C14FDF046D}.Debug|Any CPU.Build.0 = Debug|Any CPU
		{87BFD78E-53EE-41D8-88CD-28C14FDF046D}.Debug|x64.ActiveCfg = Debug|Any CPU
		{87BFD78E-53EE-41D8-88CD-28C14FDF046D}.Debug|x64.Build.0 = Debug|Any CPU
		{87BFD78E-53EE-41D8-88CD-28C14FDF046D}.Debug|x86.ActiveCfg = Debug|Any CPU
		{87BFD78E-53EE-41D8-88CD-28C14FDF046D}.Debug|x86.Build.0 = Debug|Any CPU
		{87BFD78E-53EE-41D8-88CD-28C14FDF046D}.Release|Any CPU.ActiveCfg = Release|Any CPU
		{87BFD78E-53EE-41D8-88CD-28C14FDF046D}.Release|Any CPU.Build.0 = Release|Any CPU
		{87BFD78E-53EE-41D8-88CD-28C14FDF046D}.Release|x64.ActiveCfg = Release|Any CPU
		{87BFD78E-53EE-41D8-88CD-28C14FDF046D}.Release|x64.Build.0 = Release|Any CPU
		{87BFD78E-53EE-41D8-88CD-28C14FDF046D}.Release|x86.ActiveCfg = Release|Any CPU
		{87BFD78E-53EE-41D8-88CD-28C14FDF046D}.Release|x86.Build.0 = Release|Any CPU
		{0A4F7758-0184-46BB-8CA9-0D52265AEB12}.Debug|Any CPU.ActiveCfg = Debug|Any CPU
		{0A4F7758-0184-46BB-8CA9-0D52265AEB12}.Debug|Any CPU.Build.0 = Debug|Any CPU
		{0A4F7758-0184-46BB-8CA9-0D52265AEB12}.Debug|x64.ActiveCfg = Debug|Any CPU
		{0A4F7758-0184-46BB-8CA9-0D52265AEB12}.Debug|x64.Build.0 = Debug|Any CPU
		{0A4F7758-0184-46BB-8CA9-0D52265AEB12}.Debug|x86.ActiveCfg = Debug|Any CPU
		{0A4F7758-0184-46BB-8CA9-0D52265AEB12}.Debug|x86.Build.0 = Debug|Any CPU
		{0A4F7758-0184-46BB-8CA9-0D52265AEB12}.Release|Any CPU.ActiveCfg = Release|Any CPU
		{0A4F7758-0184-46BB-8CA9-0D52265AEB12}.Release|Any CPU.Build.0 = Release|Any CPU
		{0A4F7758-0184-46BB-8CA9-0D52265AEB12}.Release|x64.ActiveCfg = Release|Any CPU
		{0A4F7758-0184-46BB-8CA9-0D52265AEB12}.Release|x64.Build.0 = Release|Any CPU
		{0A4F7758-0184-46BB-8CA9-0D52265AEB12}.Release|x86.ActiveCfg = Release|Any CPU
		{0A4F7758-0184-46BB-8CA9-0D52265AEB12}.Release|x86.Build.0 = Release|Any CPU
		{CEFE505E-A7D6-4555-98AC-E0D70DDE7B24}.Debug|Any CPU.ActiveCfg = Debug|Any CPU
		{CEFE505E-A7D6-4555-98AC-E0D70DDE7B24}.Debug|Any CPU.Build.0 = Debug|Any CPU
		{CEFE505E-A7D6-4555-98AC-E0D70DDE7B24}.Debug|x64.ActiveCfg = Debug|Any CPU
		{CEFE505E-A7D6-4555-98AC-E0D70DDE7B24}.Debug|x64.Build.0 = Debug|Any CPU
		{CEFE505E-A7D6-4555-98AC-E0D70DDE7B24}.Debug|x86.ActiveCfg = Debug|Any CPU
		{CEFE505E-A7D6-4555-98AC-E0D70DDE7B24}.Debug|x86.Build.0 = Debug|Any CPU
		{CEFE505E-A7D6-4555-98AC-E0D70DDE7B24}.Release|Any CPU.ActiveCfg = Release|Any CPU
		{CEFE505E-A7D6-4555-98AC-E0D70DDE7B24}.Release|Any CPU.Build.0 = Release|Any CPU
		{CEFE505E-A7D6-4555-98AC-E0D70DDE7B24}.Release|x64.ActiveCfg = Release|Any CPU
		{CEFE505E-A7D6-4555-98AC-E0D70DDE7B24}.Release|x64.Build.0 = Release|Any CPU
		{CEFE505E-A7D6-4555-98AC-E0D70DDE7B24}.Release|x86.ActiveCfg = Release|Any CPU
		{CEFE505E-A7D6-4555-98AC-E0D70DDE7B24}.Release|x86.Build.0 = Release|Any CPU
		{F2F9CAE1-32CD-4A8D-AD7C-08BD33DF6D7A}.Debug|Any CPU.ActiveCfg = Debug|Any CPU
		{F2F9CAE1-32CD-4A8D-AD7C-08BD33DF6D7A}.Debug|Any CPU.Build.0 = Debug|Any CPU
		{F2F9CAE1-32CD-4A8D-AD7C-08BD33DF6D7A}.Debug|x64.ActiveCfg = Debug|Any CPU
		{F2F9CAE1-32CD-4A8D-AD7C-08BD33DF6D7A}.Debug|x64.Build.0 = Debug|Any CPU
		{F2F9CAE1-32CD-4A8D-AD7C-08BD33DF6D7A}.Debug|x86.ActiveCfg = Debug|Any CPU
		{F2F9CAE1-32CD-4A8D-AD7C-08BD33DF6D7A}.Debug|x86.Build.0 = Debug|Any CPU
		{F2F9CAE1-32CD-4A8D-AD7C-08BD33DF6D7A}.Release|Any CPU.ActiveCfg = Release|Any CPU
		{F2F9CAE1-32CD-4A8D-AD7C-08BD33DF6D7A}.Release|Any CPU.Build.0 = Release|Any CPU
		{F2F9CAE1-32CD-4A8D-AD7C-08BD33DF6D7A}.Release|x64.ActiveCfg = Release|Any CPU
		{F2F9CAE1-32CD-4A8D-AD7C-08BD33DF6D7A}.Release|x64.Build.0 = Release|Any CPU
		{F2F9CAE1-32CD-4A8D-AD7C-08BD33DF6D7A}.Release|x86.ActiveCfg = Release|Any CPU
		{F2F9CAE1-32CD-4A8D-AD7C-08BD33DF6D7A}.Release|x86.Build.0 = Release|Any CPU
		{4F4CCBF6-3F71-43F9-A10F-6F2D574C1E64}.Debug|Any CPU.ActiveCfg = Debug|Any CPU
		{4F4CCBF6-3F71-43F9-A10F-6F2D574C1E64}.Debug|Any CPU.Build.0 = Debug|Any CPU
		{4F4CCBF6-3F71-43F9-A10F-6F2D574C1E64}.Debug|x64.ActiveCfg = Debug|Any CPU
		{4F4CCBF6-3F71-43F9-A10F-6F2D574C1E64}.Debug|x64.Build.0 = Debug|Any CPU
		{4F4CCBF6-3F71-43F9-A10F-6F2D574C1E64}.Debug|x86.ActiveCfg = Debug|Any CPU
		{4F4CCBF6-3F71-43F9-A10F-6F2D574C1E64}.Debug|x86.Build.0 = Debug|Any CPU
		{4F4CCBF6-3F71-43F9-A10F-6F2D574C1E64}.Release|Any CPU.ActiveCfg = Release|Any CPU
		{4F4CCBF6-3F71-43F9-A10F-6F2D574C1E64}.Release|Any CPU.Build.0 = Release|Any CPU
		{4F4CCBF6-3F71-43F9-A10F-6F2D574C1E64}.Release|x64.ActiveCfg = Release|Any CPU
		{4F4CCBF6-3F71-43F9-A10F-6F2D574C1E64}.Release|x64.Build.0 = Release|Any CPU
		{4F4CCBF6-3F71-43F9-A10F-6F2D574C1E64}.Release|x86.ActiveCfg = Release|Any CPU
		{4F4CCBF6-3F71-43F9-A10F-6F2D574C1E64}.Release|x86.Build.0 = Release|Any CPU
		{0C8BFD61-1D1D-40CB-BD2A-F5CAFA81E3A3}.Debug|Any CPU.ActiveCfg = Debug|Any CPU
		{0C8BFD61-1D1D-40CB-BD2A-F5CAFA81E3A3}.Debug|Any CPU.Build.0 = Debug|Any CPU
		{0C8BFD61-1D1D-40CB-BD2A-F5CAFA81E3A3}.Debug|x64.ActiveCfg = Debug|Any CPU
		{0C8BFD61-1D1D-40CB-BD2A-F5CAFA81E3A3}.Debug|x64.Build.0 = Debug|Any CPU
		{0C8BFD61-1D1D-40CB-BD2A-F5CAFA81E3A3}.Debug|x86.ActiveCfg = Debug|Any CPU
		{0C8BFD61-1D1D-40CB-BD2A-F5CAFA81E3A3}.Debug|x86.Build.0 = Debug|Any CPU
		{0C8BFD61-1D1D-40CB-BD2A-F5CAFA81E3A3}.Release|Any CPU.ActiveCfg = Release|Any CPU
		{0C8BFD61-1D1D-40CB-BD2A-F5CAFA81E3A3}.Release|Any CPU.Build.0 = Release|Any CPU
		{0C8BFD61-1D1D-40CB-BD2A-F5CAFA81E3A3}.Release|x64.ActiveCfg = Release|Any CPU
		{0C8BFD61-1D1D-40CB-BD2A-F5CAFA81E3A3}.Release|x64.Build.0 = Release|Any CPU
		{0C8BFD61-1D1D-40CB-BD2A-F5CAFA81E3A3}.Release|x86.ActiveCfg = Release|Any CPU
		{0C8BFD61-1D1D-40CB-BD2A-F5CAFA81E3A3}.Release|x86.Build.0 = Release|Any CPU
		{E4303611-5E07-478A-BD0D-4A651E6EC539}.Debug|Any CPU.ActiveCfg = Debug|Any CPU
		{E4303611-5E07-478A-BD0D-4A651E6EC539}.Debug|Any CPU.Build.0 = Debug|Any CPU
		{E4303611-5E07-478A-BD0D-4A651E6EC539}.Debug|x64.ActiveCfg = Debug|Any CPU
		{E4303611-5E07-478A-BD0D-4A651E6EC539}.Debug|x64.Build.0 = Debug|Any CPU
		{E4303611-5E07-478A-BD0D-4A651E6EC539}.Debug|x86.ActiveCfg = Debug|Any CPU
		{E4303611-5E07-478A-BD0D-4A651E6EC539}.Debug|x86.Build.0 = Debug|Any CPU
		{E4303611-5E07-478A-BD0D-4A651E6EC539}.Release|Any CPU.ActiveCfg = Release|Any CPU
		{E4303611-5E07-478A-BD0D-4A651E6EC539}.Release|Any CPU.Build.0 = Release|Any CPU
		{E4303611-5E07-478A-BD0D-4A651E6EC539}.Release|x64.ActiveCfg = Release|Any CPU
		{E4303611-5E07-478A-BD0D-4A651E6EC539}.Release|x64.Build.0 = Release|Any CPU
		{E4303611-5E07-478A-BD0D-4A651E6EC539}.Release|x86.ActiveCfg = Release|Any CPU
		{E4303611-5E07-478A-BD0D-4A651E6EC539}.Release|x86.Build.0 = Release|Any CPU
	EndGlobalSection
	GlobalSection(SolutionProperties) = preSolution
		HideSolutionNode = FALSE
	EndGlobalSection
	GlobalSection(NestedProjects) = preSolution
		{769E77B1-0C2A-445A-AB09-6C09D30A5B9D} = {4791FE36-A901-4246-994A-92BBF4A0182B}
		{87BFD78E-53EE-41D8-88CD-28C14FDF046D} = {3BFF659E-B15B-4B6B-85D6-C236A0DF0694}
		{0A4F7758-0184-46BB-8CA9-0D52265AEB12} = {00DD84E4-CD1B-4097-9DF7-62690E7BA9C7}
		{CEFE505E-A7D6-4555-98AC-E0D70DDE7B24} = {00DD84E4-CD1B-4097-9DF7-62690E7BA9C7}
		{F2F9CAE1-32CD-4A8D-AD7C-08BD33DF6D7A} = {BB40C033-037D-4E69-840D-85F004238B24}
		{4F4CCBF6-3F71-43F9-A10F-6F2D574C1E64} = {4791FE36-A901-4246-994A-92BBF4A0182B}
		{0C8BFD61-1D1D-40CB-BD2A-F5CAFA81E3A3} = {3BFF659E-B15B-4B6B-85D6-C236A0DF0694}
		{E4303611-5E07-478A-BD0D-4A651E6EC539} = {BB40C033-037D-4E69-840D-85F004238B24}
	EndGlobalSection
	GlobalSection(ExtensibilityGlobals) = postSolution
		SolutionGuid = {C8E0926F-6926-4F54-8071-9BF2F93D66B5}
	EndGlobalSection
EndGlobal
